
Microsoft Visual Studio Solution File, Format Version 12.00
# Visual Studio Version 16
VisualStudioVersion = 16.0.31424.327
MinimumVisualStudioVersion = 10.0.40219.1
Project("{FAE04EC0-301F-11D3-BF4B-00C04F79EFBC}") = "ConexionConPostgreSQL", "ConexionConPostgreSQL\ConexionConPostgreSQL.csproj", "{30F47ECE-FB5A-47C6-8FBA-73EF663BAEEB}"
EndProject
Global
	GlobalSection(SolutionConfigurationPlatforms) = preSolution
		Debug|Any CPU = Debug|Any CPU
		Release|Any CPU = Release|Any CPU
	EndGlobalSection
	GlobalSection(ProjectConfigurationPlatforms) = postSolution
		{30F47ECE-FB5A-47C6-8FBA-73EF663BAEEB}.Debug|Any CPU.ActiveCfg = Debug|Any CPU
		{30F47ECE-FB5A-47C6-8FBA-73EF663BAEEB}.Debug|Any CPU.Build.0 = Debug|Any CPU
		{30F47ECE-FB5A-47C6-8FBA-73EF663BAEEB}.Release|Any CPU.ActiveCfg = Release|Any CPU
		{30F47ECE-FB5A-47C6-8FBA-73EF663BAEEB}.Release|Any CPU.Build.0 = Release|Any CPU
	EndGlobalSection
	GlobalSection(SolutionProperties) = preSolution
		HideSolutionNode = FALSE
	EndGlobalSection
	GlobalSection(ExtensibilityGlobals) = postSolution
		SolutionGuid = {50BC0042-CABA-48C7-A7A0-CEEFCAB9FAF1}
	EndGlobalSection
EndGlobal
